
Microsoft Visual Studio Solution File, Format Version 12.00
# Visual Studio Version 17
VisualStudioVersion = 17.13.35931.197 d17.13
MinimumVisualStudioVersion = 10.0.40219.1
Project("{FAE04EC0-301F-11D3-BF4B-00C04F79EFBC}") = "Raylib Tetris", "Raylib Tetris.csproj", "{2820E14A-67BB-4590-A2CF-4335F8C57503}"
EndProject
Global
	GlobalSection(SolutionConfigurationPlatforms) = preSolution
		Debug|Any CPU = Debug|Any CPU
		Release|Any CPU = Release|Any CPU
	EndGlobalSection
	GlobalSection(ProjectConfigurationPlatforms) = postSolution
		{2820E14A-67BB-4590-A2CF-4335F8C57503}.Debug|Any CPU.ActiveCfg = Debug|Any CPU
		{2820E14A-67BB-4590-A2CF-4335F8C57503}.Debug|Any CPU.Build.0 = Debug|Any CPU
		{2820E14A-67BB-4590-A2CF-4335F8C57503}.Release|Any CPU.ActiveCfg = Release|Any CPU
		{2820E14A-67BB-4590-A2CF-4335F8C57503}.Release|Any CPU.Build.0 = Release|Any CPU
	EndGlobalSection
	GlobalSection(SolutionProperties) = preSolution
		HideSolutionNode = FALSE
	EndGlobalSection
	GlobalSection(ExtensibilityGlobals) = postSolution
		SolutionGuid = {26D117E3-3619-4085-9919-DEFB7CEC3517}
	EndGlobalSection
EndGlobal
